
Microsoft Visual Studio Solution File, Format Version 12.00
# Visual Studio 2012
Project("{FAE04EC0-301F-11D3-BF4B-00C04F79EFBC}") = "Restaurante", "Restaurante\Restaurante.csproj", "{6C18F528-0B65-4446-A023-8B17A9EFEE21}"
EndProject
Global
	GlobalSection(SolutionConfigurationPlatforms) = preSolution
		Debug|Any CPU = Debug|Any CPU
		Release|Any CPU = Release|Any CPU
	EndGlobalSection
	GlobalSection(ProjectConfigurationPlatforms) = postSolution
		{6C18F528-0B65-4446-A023-8B17A9EFEE21}.Debug|Any CPU.ActiveCfg = Debug|Any CPU
		{6C18F528-0B65-4446-A023-8B17A9EFEE21}.Debug|Any CPU.Build.0 = Debug|Any CPU
		{6C18F528-0B65-4446-A023-8B17A9EFEE21}.Release|Any CPU.ActiveCfg = Release|Any CPU
		{6C18F528-0B65-4446-A023-8B17A9EFEE21}.Release|Any CPU.Build.0 = Release|Any CPU
	EndGlobalSection
	GlobalSection(SolutionProperties) = preSolution
		HideSolutionNode = FALSE
	EndGlobalSection
EndGlobal
